
Microsoft Visual Studio Solution File, Format Version 12.00
# Visual Studio Version 16
VisualStudioVersion = 16.0.31424.327
MinimumVisualStudioVersion = 10.0.40219.1
Project("{FAE04EC0-301F-11D3-BF4B-00C04F79EFBC}") = "GeneralComputing", "GeneralComputing\GeneralComputing.csproj", "{5CA32654-6841-401D-AC5B-686D16AE1028}"
EndProject
Global
	GlobalSection(SolutionConfigurationPlatforms) = preSolution
		Debug|Any CPU = Debug|Any CPU
		Release|Any CPU = Release|Any CPU
	EndGlobalSection
	GlobalSection(ProjectConfigurationPlatforms) = postSolution
		{5CA32654-6841-401D-AC5B-686D16AE1028}.Debug|Any CPU.ActiveCfg = Debug|Any CPU
		{5CA32654-6841-401D-AC5B-686D16AE1028}.Debug|Any CPU.Build.0 = Debug|Any CPU
		{5CA32654-6841-401D-AC5B-686D16AE1028}.Release|Any CPU.ActiveCfg = Release|Any CPU
		{5CA32654-6841-401D-AC5B-686D16AE1028}.Release|Any CPU.Build.0 = Release|Any CPU
	EndGlobalSection
	GlobalSection(SolutionProperties) = preSolution
		HideSolutionNode = FALSE
	EndGlobalSection
	GlobalSection(ExtensibilityGlobals) = postSolution
		SolutionGuid = {DF92C7F0-3881-4B18-AB9C-2ADD82F11B3E}
	EndGlobalSection
EndGlobal
